// !$*UTF8*$!
{
	archiveVersion = 1;
	classes = {
	};
	objectVersion = 56;
	objects = {

/* Begin PBXBuildFile section */
		510742DA2991F0A900EEE34B /* Color.swift in Sources */ = {isa = PBXBuildFile; fileRef = 510742D92991F0A900EEE34B /* Color.swift */; };
		510742DC2991F41500EEE34B /* ColorTesting.swift in Sources */ = {isa = PBXBuildFile; fileRef = 510742DB2991F41500EEE34B /* ColorTesting.swift */; };
		51563B31298555920051C2A0 /* Player_Rank_1App.swift in Sources */ = {isa = PBXBuildFile; fileRef = 51563B30298555920051C2A0 /* Player_Rank_1App.swift */; };
		51563B33298555920051C2A0 /* ContentView.swift in Sources */ = {isa = PBXBuildFile; fileRef = 51563B32298555920051C2A0 /* ContentView.swift */; };
		51563B35298555960051C2A0 /* Assets.xcassets in Resources */ = {isa = PBXBuildFile; fileRef = 51563B34298555960051C2A0 /* Assets.xcassets */; };
		51563B38298555960051C2A0 /* Preview Assets.xcassets in Resources */ = {isa = PBXBuildFile; fileRef = 51563B37298555960051C2A0 /* Preview Assets.xcassets */; };
		51563B42298555970051C2A0 /* Player_Rank_1Tests.swift in Sources */ = {isa = PBXBuildFile; fileRef = 51563B41298555970051C2A0 /* Player_Rank_1Tests.swift */; };
		51563B4C298555970051C2A0 /* Player_Rank_1UITests.swift in Sources */ = {isa = PBXBuildFile; fileRef = 51563B4B298555970051C2A0 /* Player_Rank_1UITests.swift */; };
		51563B4E298555970051C2A0 /* Player_Rank_1UITestsLaunchTests.swift in Sources */ = {isa = PBXBuildFile; fileRef = 51563B4D298555970051C2A0 /* Player_Rank_1UITestsLaunchTests.swift */; };
		5173A359298E7C510010B785 /* NextProjectView.swift in Sources */ = {isa = PBXBuildFile; fileRef = 5173A358298E7C510010B785 /* NextProjectView.swift */; };
		5173A35B298E81ED0010B785 /* CardGameView.swift in Sources */ = {isa = PBXBuildFile; fileRef = 5173A35A298E81ED0010B785 /* CardGameView.swift */; };
/* End PBXBuildFile section */

/* Begin PBXContainerItemProxy section */
		51563B3E298555970051C2A0 /* PBXContainerItemProxy */ = {
			isa = PBXContainerItemProxy;
			containerPortal = 51563B25298555920051C2A0 /* Project object */;
			proxyType = 1;
			remoteGlobalIDString = 51563B2C298555920051C2A0;
			remoteInfo = "Player Rank 1";
		};
		51563B48298555970051C2A0 /* PBXContainerItemProxy */ = {
			isa = PBXContainerItemProxy;
			containerPortal = 51563B25298555920051C2A0 /* Project object */;
			proxyType = 1;
			remoteGlobalIDString = 51563B2C298555920051C2A0;
			remoteInfo = "Player Rank 1";
		};
/* End PBXContainerItemProxy section */

/* Begin PBXFileReference section */
		510742D92991F0A900EEE34B /* Color.swift */ = {isa = PBXFileReference; lastKnownFileType = sourcecode.swift; path = Color.swift; sourceTree = "<group>"; };
		510742DB2991F41500EEE34B /* ColorTesting.swift */ = {isa = PBXFileReference; lastKnownFileType = sourcecode.swift; path = ColorTesting.swift; sourceTree = "<group>"; };
		51563B2D298555920051C2A0 /* Player Rank 1.app */ = {isa = PBXFileReference; explicitFileType = wrapper.application; includeInIndex = 0; path = "Player Rank 1.app"; sourceTree = BUILT_PRODUCTS_DIR; };
		51563B30298555920051C2A0 /* Player_Rank_1App.swift */ = {isa = PBXFileReference; lastKnownFileType = sourcecode.swift; path = Player_Rank_1App.swift; sourceTree = "<group>"; };
		51563B32298555920051C2A0 /* ContentView.swift */ = {isa = PBXFileReference; lastKnownFileType = sourcecode.swift; path = ContentView.swift; sourceTree = "<group>"; };
		51563B34298555960051C2A0 /* Assets.xcassets */ = {isa = PBXFileReference; lastKnownFileType = folder.assetcatalog; path = Assets.xcassets; sourceTree = "<group>"; };
		51563B37298555960051C2A0 /* Preview Assets.xcassets */ = {isa = PBXFileReference; lastKnownFileType = folder.assetcatalog; path = "Preview Assets.xcassets"; sourceTree = "<group>"; };
		51563B3D298555970051C2A0 /* Player Rank 1Tests.xctest */ = {isa = PBXFileReference; explicitFileType = wrapper.cfbundle; includeInIndex = 0; path = "Player Rank 1Tests.xctest"; sourceTree = BUILT_PRODUCTS_DIR; };
		51563B41298555970051C2A0 /* Player_Rank_1Tests.swift */ = {isa = PBXFileReference; lastKnownFileType = sourcecode.swift; path = Player_Rank_1Tests.swift; sourceTree = "<group>"; };
		51563B47298555970051C2A0 /* Player Rank 1UITests.xctest */ = {isa = PBXFileReference; explicitFileType = wrapper.cfbundle; includeInIndex = 0; path = "Player Rank 1UITests.xctest"; sourceTree = BUILT_PRODUCTS_DIR; };
		51563B4B298555970051C2A0 /* Player_Rank_1UITests.swift */ = {isa = PBXFileReference; lastKnownFileType = sourcecode.swift; path = Player_Rank_1UITests.swift; sourceTree = "<group>"; };
		51563B4D298555970051C2A0 /* Player_Rank_1UITestsLaunchTests.swift */ = {isa = PBXFileReference; lastKnownFileType = sourcecode.swift; path = Player_Rank_1UITestsLaunchTests.swift; sourceTree = "<group>"; };
		5173A358298E7C510010B785 /* NextProjectView.swift */ = {isa = PBXFileReference; lastKnownFileType = sourcecode.swift; path = NextProjectView.swift; sourceTree = "<group>"; };
		5173A35A298E81ED0010B785 /* CardGameView.swift */ = {isa = PBXFileReference; lastKnownFileType = sourcecode.swift; path = CardGameView.swift; sourceTree = "<group>"; };
/* End PBXFileReference section */

/* Begin PBXFrameworksBuildPhase section */
		51563B2A298555920051C2A0 /* Frameworks */ = {
			isa = PBXFrameworksBuildPhase;
			buildActionMask = 2147483647;
			files = (
			);
			runOnlyForDeploymentPostprocessing = 0;
		};
		51563B3A298555970051C2A0 /* Frameworks */ = {
			isa = PBXFrameworksBuildPhase;
			buildActionMask = 2147483647;
			files = (
			);
			runOnlyForDeploymentPostprocessing = 0;
		};
		51563B44298555970051C2A0 /* Frameworks */ = {
			isa = PBXFrameworksBuildPhase;
			buildActionMask = 2147483647;
			files = (
			);
			runOnlyForDeploymentPostprocessing = 0;
		};
/* End PBXFrameworksBuildPhase section */

/* Begin PBXGroup section */
		510742D82991F06F00EEE34B /* Extensions */ = {
			isa = PBXGroup;
			children = (
				510742D92991F0A900EEE34B /* Color.swift */,
			);
			path = Extensions;
			sourceTree = "<group>";
		};
		51563B24298555920051C2A0 = {
			isa = PBXGroup;
			children = (
				51563B2F298555920051C2A0 /* Player Rank 1 */,
				51563B40298555970051C2A0 /* Player Rank 1Tests */,
				51563B4A298555970051C2A0 /* Player Rank 1UITests */,
				51563B2E298555920051C2A0 /* Products */,
			);
			sourceTree = "<group>";
		};
		51563B2E298555920051C2A0 /* Products */ = {
			isa = PBXGroup;
			children = (
				51563B2D298555920051C2A0 /* Player Rank 1.app */,
				51563B3D298555970051C2A0 /* Player Rank 1Tests.xctest */,
				51563B47298555970051C2A0 /* Player Rank 1UITests.xctest */,
			);
			name = Products;
			sourceTree = "<group>";
		};
		51563B2F298555920051C2A0 /* Player Rank 1 */ = {
			isa = PBXGroup;
			children = (
				51563B30298555920051C2A0 /* Player_Rank_1App.swift */,
				510742DB2991F41500EEE34B /* ColorTesting.swift */,
				51563B32298555920051C2A0 /* ContentView.swift */,
				5173A35A298E81ED0010B785 /* CardGameView.swift */,
				510742D82991F06F00EEE34B /* Extensions */,
				5173A358298E7C510010B785 /* NextProjectView.swift */,
				51563B34298555960051C2A0 /* Assets.xcassets */,
				51563B36298555960051C2A0 /* Preview Content */,
			);
			path = "Player Rank 1";
			sourceTree = "<group>";
		};
		51563B36298555960051C2A0 /* Preview Content */ = {
			isa = PBXGroup;
			children = (
				51563B37298555960051C2A0 /* Preview Assets.xcassets */,
			);
			path = "Preview Content";
			sourceTree = "<group>";
		};
		51563B40298555970051C2A0 /* Player Rank 1Tests */ = {
			isa = PBXGroup;
			children = (
				51563B41298555970051C2A0 /* Player_Rank_1Tests.swift */,
			);
			path = "Player Rank 1Tests";
			sourceTree = "<group>";
		};
		51563B4A298555970051C2A0 /* Player Rank 1UITests */ = {
			isa = PBXGroup;
			children = (
				51563B4B298555970051C2A0 /* Player_Rank_1UITests.swift */,
				51563B4D298555970051C2A0 /* Player_Rank_1UITestsLaunchTests.swift */,
			);
			path = "Player Rank 1UITests";
			sourceTree = "<group>";
		};
/* End PBXGroup section */

/* Begin PBXNativeTarget section */
		51563B2C298555920051C2A0 /* Player Rank 1 */ = {
			isa = PBXNativeTarget;
			buildConfigurationList = 51563B51298555970051C2A0 /* Build configuration list for PBXNativeTarget "Player Rank 1" */;
			buildPhases = (
				51563B29298555920051C2A0 /* Sources */,
				51563B2A298555920051C2A0 /* Frameworks */,
				51563B2B298555920051C2A0 /* Resources */,
			);
			buildRules = (
			);
			dependencies = (
			);
			name = "Player Rank 1";
			productName = "Player Rank 1";
			productReference = 51563B2D298555920051C2A0 /* Player Rank 1.app */;
			productType = "com.apple.product-type.application";
		};
		51563B3C298555970051C2A0 /* Player Rank 1Tests */ = {
			isa = PBXNativeTarget;
			buildConfigurationList = 51563B54298555970051C2A0 /* Build configuration list for PBXNativeTarget "Player Rank 1Tests" */;
			buildPhases = (
				51563B39298555970051C2A0 /* Sources */,
				51563B3A298555970051C2A0 /* Frameworks */,
				51563B3B298555970051C2A0 /* Resources */,
			);
			buildRules = (
			);
			dependencies = (
				51563B3F298555970051C2A0 /* PBXTargetDependency */,
			);
			name = "Player Rank 1Tests";
			productName = "Player Rank 1Tests";
			productReference = 51563B3D298555970051C2A0 /* Player Rank 1Tests.xctest */;
			productType = "com.apple.product-type.bundle.unit-test";
		};
		51563B46298555970051C2A0 /* Player Rank 1UITests */ = {
			isa = PBXNativeTarget;
			buildConfigurationList = 51563B57298555970051C2A0 /* Build configuration list for PBXNativeTarget "Player Rank 1UITests" */;
			buildPhases = (
				51563B43298555970051C2A0 /* Sources */,
				51563B44298555970051C2A0 /* Frameworks */,
				51563B45298555970051C2A0 /* Resources */,
			);
			buildRules = (
			);
			dependencies = (
				51563B49298555970051C2A0 /* PBXTargetDependency */,
			);
			name = "Player Rank 1UITests";
			productName = "Player Rank 1UITests";
			productReference = 51563B47298555970051C2A0 /* Player Rank 1UITests.xctest */;
			productType = "com.apple.product-type.bundle.ui-testing";
		};
/* End PBXNativeTarget section */

/* Begin PBXProject section */
		51563B25298555920051C2A0 /* Project object */ = {
			isa = PBXProject;
			attributes = {
				BuildIndependentTargetsInParallel = 1;
				LastSwiftUpdateCheck = 1420;
				LastUpgradeCheck = 1420;
				TargetAttributes = {
					51563B2C298555920051C2A0 = {
						CreatedOnToolsVersion = 14.2;
					};
					51563B3C298555970051C2A0 = {
						CreatedOnToolsVersion = 14.2;
						TestTargetID = 51563B2C298555920051C2A0;
					};
					51563B46298555970051C2A0 = {
						CreatedOnToolsVersion = 14.2;
						TestTargetID = 51563B2C298555920051C2A0;
					};
				};
			};
			buildConfigurationList = 51563B28298555920051C2A0 /* Build configuration list for PBXProject "Player Rank 1" */;
			compatibilityVersion = "Xcode 14.0";
			developmentRegion = en;
			hasScannedForEncodings = 0;
			knownRegions = (
				en,
				Base,
			);
			mainGroup = 51563B24298555920051C2A0;
			productRefGroup = 51563B2E298555920051C2A0 /* Products */;
			projectDirPath = "";
			projectRoot = "";
			targets = (
				51563B2C298555920051C2A0 /* Player Rank 1 */,
				51563B3C298555970051C2A0 /* Player Rank 1Tests */,
				51563B46298555970051C2A0 /* Player Rank 1UITests */,
			);
		};
/* End PBXProject section */

/* Begin PBXResourcesBuildPhase section */
		51563B2B298555920051C2A0 /* Resources */ = {
			isa = PBXResourcesBuildPhase;
			buildActionMask = 2147483647;
			files = (
				51563B38298555960051C2A0 /* Preview Assets.xcassets in Resources */,
				51563B35298555960051C2A0 /* Assets.xcassets in Resources */,
			);
			runOnlyForDeploymentPostprocessing = 0;
		};
		51563B3B298555970051C2A0 /* Resources */ = {
			isa = PBXResourcesBuildPhase;
			buildActionMask = 2147483647;
			files = (
			);
			runOnlyForDeploymentPostprocessing = 0;
		};
		51563B45298555970051C2A0 /* Resources */ = {
			isa = PBXResourcesBuildPhase;
			buildActionMask = 2147483647;
			files = (
			);
			runOnlyForDeploymentPostprocessing = 0;
		};
/* End PBXResourcesBuildPhase section */

/* Begin PBXSourcesBuildPhase section */
		51563B29298555920051C2A0 /* Sources */ = {
			isa = PBXSourcesBuildPhase;
			buildActionMask = 2147483647;
			files = (
				510742DC2991F41500EEE34B /* ColorTesting.swift in Sources */,
				5173A35B298E81ED0010B785 /* CardGameView.swift in Sources */,
				51563B33298555920051C2A0 /* ContentView.swift in Sources */,
				5173A359298E7C510010B785 /* NextProjectView.swift in Sources */,
				510742DA2991F0A900EEE34B /* Color.swift in Sources */,
				51563B31298555920051C2A0 /* Player_Rank_1App.swift in Sources */,
			);
			runOnlyForDeploymentPostprocessing = 0;
		};
		51563B39298555970051C2A0 /* Sources */ = {
			isa = PBXSourcesBuildPhase;
			buildActionMask = 2147483647;
			files = (
				51563B42298555970051C2A0 /* Player_Rank_1Tests.swift in Sources */,
			);
			runOnlyForDeploymentPostprocessing = 0;
		};
		51563B43298555970051C2A0 /* Sources */ = {
			isa = PBXSourcesBuildPhase;
			buildActionMask = 2147483647;
			files = (
				51563B4C298555970051C2A0 /* Player_Rank_1UITests.swift in Sources */,
				51563B4E298555970051C2A0 /* Player_Rank_1UITestsLaunchTests.swift in Sources */,
			);
			runOnlyForDeploymentPostprocessing = 0;
		};
/* End PBXSourcesBuildPhase section */

/* Begin PBXTargetDependency section */
		51563B3F298555970051C2A0 /* PBXTargetDependency */ = {
			isa = PBXTargetDependency;
			target = 51563B2C298555920051C2A0 /* Player Rank 1 */;
			targetProxy = 51563B3E298555970051C2A0 /* PBXContainerItemProxy */;
		};
		51563B49298555970051C2A0 /* PBXTargetDependency */ = {
			isa = PBXTargetDependency;
			target = 51563B2C298555920051C2A0 /* Player Rank 1 */;
			targetProxy = 51563B48298555970051C2A0 /* PBXContainerItemProxy */;
		};
/* End PBXTargetDependency section */

/* Begin XCBuildConfiguration section */
		51563B4F298555970051C2A0 /* Debug */ = {
			isa = XCBuildConfiguration;
			buildSettings = {
				ALWAYS_SEARCH_USER_PATHS = NO;
				CLANG_ANALYZER_NONNULL = YES;
				CLANG_ANALYZER_NUMBER_OBJECT_CONVERSION = YES_AGGRESSIVE;
				CLANG_CXX_LANGUAGE_STANDARD = "gnu++20";
				CLANG_ENABLE_MODULES = YES;
				CLANG_ENABLE_OBJC_ARC = YES;
				CLANG_ENABLE_OBJC_WEAK = YES;
				CLANG_WARN_BLOCK_CAPTURE_AUTORELEASING = YES;
				CLANG_WARN_BOOL_CONVERSION = YES;
				CLANG_WARN_COMMA = YES;
				CLANG_WARN_CONSTANT_CONVERSION = YES;
				CLANG_WARN_DEPRECATED_OBJC_IMPLEMENTATIONS = YES;
				CLANG_WARN_DIRECT_OBJC_ISA_USAGE = YES_ERROR;
				CLANG_WARN_DOCUMENTATION_COMMENTS = YES;
				CLANG_WARN_EMPTY_BODY = YES;
				CLANG_WARN_ENUM_CONVERSION = YES;
				CLANG_WARN_INFINITE_RECURSION = YES;
				CLANG_WARN_INT_CONVERSION = YES;
				CLANG_WARN_NON_LITERAL_NULL_CONVERSION = YES;
				CLANG_WARN_OBJC_IMPLICIT_RETAIN_SELF = YES;
				CLANG_WARN_OBJC_LITERAL_CONVERSION = YES;
				CLANG_WARN_OBJC_ROOT_CLASS = YES_ERROR;
				CLANG_WARN_QUOTED_INCLUDE_IN_FRAMEWORK_HEADER = YES;
				CLANG_WARN_RANGE_LOOP_ANALYSIS = YES;
				CLANG_WARN_STRICT_PROTOTYPES = YES;
				CLANG_WARN_SUSPICIOUS_MOVE = YES;
				CLANG_WARN_UNGUARDED_AVAILABILITY = YES_AGGRESSIVE;
				CLANG_WARN_UNREACHABLE_CODE = YES;
				CLANG_WARN__DUPLICATE_METHOD_MATCH = YES;
				COPY_PHASE_STRIP = NO;
				DEBUG_INFORMATION_FORMAT = dwarf;
				ENABLE_STRICT_OBJC_MSGSEND = YES;
				ENABLE_TESTABILITY = YES;
				GCC_C_LANGUAGE_STANDARD = gnu11;
				GCC_DYNAMIC_NO_PIC = NO;
				GCC_NO_COMMON_BLOCKS = YES;
				GCC_OPTIMIZATION_LEVEL = 0;
				GCC_PREPROCESSOR_DEFINITIONS = (
					"DEBUG=1",
					"$(inherited)",
				);
				GCC_WARN_64_TO_32_BIT_CONVERSION = YES;
				GCC_WARN_ABOUT_RETURN_TYPE = YES_ERROR;
				GCC_WARN_UNDECLARED_SELECTOR = YES;
				GCC_WARN_UNINITIALIZED_AUTOS = YES_AGGRESSIVE;
				GCC_WARN_UNUSED_FUNCTION = YES;
				GCC_WARN_UNUSED_VARIABLE = YES;
				IPHONEOS_DEPLOYMENT_TARGET = 16.2;
				MTL_ENABLE_DEBUG_INFO = INCLUDE_SOURCE;
				MTL_FAST_MATH = YES;
				ONLY_ACTIVE_ARCH = YES;
				SDKROOT = iphoneos;
				SWIFT_ACTIVE_COMPILATION_CONDITIONS = DEBUG;
				SWIFT_OPTIMIZATION_LEVEL = "-Onone";
			};
			name = Debug;
		};
		51563B50298555970051C2A0 /* Release */ = {
			isa = XCBuildConfiguration;
			buildSettings = {
				ALWAYS_SEARCH_USER_PATHS = NO;
				CLANG_ANALYZER_NONNULL = YES;
				CLANG_ANALYZER_NUMBER_OBJECT_CONVERSION = YES_AGGRESSIVE;
				CLANG_CXX_LANGUAGE_STANDARD = "gnu++20";
				CLANG_ENABLE_MODULES = YES;
				CLANG_ENABLE_OBJC_ARC = YES;
				CLANG_ENABLE_OBJC_WEAK = YES;
				CLANG_WARN_BLOCK_CAPTURE_AUTORELEASING = YES;
				CLANG_WARN_BOOL_CONVERSION = YES;
				CLANG_WARN_COMMA = YES;
				CLANG_WARN_CONSTANT_CONVERSION = YES;
				CLANG_WARN_DEPRECATED_OBJC_IMPLEMENTATIONS = YES;
				CLANG_WARN_DIRECT_OBJC_ISA_USAGE = YES_ERROR;
				CLANG_WARN_DOCUMENTATION_COMMENTS = YES;
				CLANG_WARN_EMPTY_BODY = YES;
				CLANG_WARN_ENUM_CONVERSION = YES;
				CLANG_WARN_INFINITE_RECURSION = YES;
				CLANG_WARN_INT_CONVERSION = YES;
				CLANG_WARN_NON_LITERAL_NULL_CONVERSION = YES;
				CLANG_WARN_OBJC_IMPLICIT_RETAIN_SELF = YES;
				CLANG_WARN_OBJC_LITERAL_CONVERSION = YES;
				CLANG_WARN_OBJC_ROOT_CLASS = YES_ERROR;
				CLANG_WARN_QUOTED_INCLUDE_IN_FRAMEWORK_HEADER = YES;
				CLANG_WARN_RANGE_LOOP_ANALYSIS = YES;
				CLANG_WARN_STRICT_PROTOTYPES = YES;
				CLANG_WARN_SUSPICIOUS_MOVE = YES;
				CLANG_WARN_UNGUARDED_AVAILABILITY = YES_AGGRESSIVE;
				CLANG_WARN_UNREACHABLE_CODE = YES;
				CLANG_WARN__DUPLICATE_METHOD_MATCH = YES;
				COPY_PHASE_STRIP = NO;
				DEBUG_INFORMATION_FORMAT = "dwarf-with-dsym";
				ENABLE_NS_ASSERTIONS = NO;
				ENABLE_STRICT_OBJC_MSGSEND = YES;
				GCC_C_LANGUAGE_STANDARD = gnu11;
				GCC_NO_COMMON_BLOCKS = YES;
				GCC_WARN_64_TO_32_BIT_CONVERSION = YES;
				GCC_WARN_ABOUT_RETURN_TYPE = YES_ERROR;
				GCC_WARN_UNDECLARED_SELECTOR = YES;
				GCC_WARN_UNINITIALIZED_AUTOS = YES_AGGRESSIVE;
				GCC_WARN_UNUSED_FUNCTION = YES;
				GCC_WARN_UNUSED_VARIABLE = YES;
				IPHONEOS_DEPLOYMENT_TARGET = 16.2;
				MTL_ENABLE_DEBUG_INFO = NO;
				MTL_FAST_MATH = YES;
				SDKROOT = iphoneos;
				SWIFT_COMPILATION_MODE = wholemodule;
				SWIFT_OPTIMIZATION_LEVEL = "-O";
				VALIDATE_PRODUCT = YES;
			};
			name = Release;
		};
		51563B52298555970051C2A0 /* Debug */ = {
			isa = XCBuildConfiguration;
			buildSettings = {
				ASSETCATALOG_COMPILER_APPICON_NAME = AppIcon;
				ASSETCATALOG_COMPILER_GLOBAL_ACCENT_COLOR_NAME = AccentColor;
				CODE_SIGN_STYLE = Automatic;
				CURRENT_PROJECT_VERSION = 1;
				DEVELOPMENT_ASSET_PATHS = "\"Player Rank 1/Preview Content\"";
				ENABLE_PREVIEWS = YES;
				GENERATE_INFOPLIST_FILE = YES;
				INFOPLIST_KEY_UIApplicationSceneManifest_Generation = YES;
				INFOPLIST_KEY_UIApplicationSupportsIndirectInputEvents = YES;
				INFOPLIST_KEY_UILaunchScreen_Generation = YES;
				INFOPLIST_KEY_UISupportedInterfaceOrientations_iPad = "UIInterfaceOrientationPortrait UIInterfaceOrientationPortraitUpsideDown UIInterfaceOrientationLandscapeLeft UIInterfaceOrientationLandscapeRight";
				INFOPLIST_KEY_UISupportedInterfaceOrientations_iPhone = "UIInterfaceOrientationPortrait UIInterfaceOrientationLandscapeLeft UIInterfaceOrientationLandscapeRight";
				LD_RUNPATH_SEARCH_PATHS = (
					"$(inherited)",
					"@executable_path/Frameworks",
				);
				MARKETING_VERSION = 1.0;
				PRODUCT_BUNDLE_IDENTIFIER = "ca.formdreams.Player-Rank-1";
				PRODUCT_NAME = "$(TARGET_NAME)";
				SWIFT_EMIT_LOC_STRINGS = YES;
				SWIFT_VERSION = 5.0;
				TARGETED_DEVICE_FAMILY = "1,2";
			};
			name = Debug;
		};
		51563B53298555970051C2A0 /* Release */ = {
			isa = XCBuildConfiguration;
			buildSettings = {
				ASSETCATALOG_COMPILER_APPICON_NAME = AppIcon;
				ASSETCATALOG_COMPILER_GLOBAL_ACCENT_COLOR_NAME = AccentColor;
				CODE_SIGN_STYLE = Automatic;
				CURRENT_PROJECT_VERSION = 1;
				DEVELOPMENT_ASSET_PATHS = "\"Player Rank 1/Preview Content\"";
				ENABLE_PREVIEWS = YES;
				GENERATE_INFOPLIST_FILE = YES;
				INFOPLIST_KEY_UIApplicationSceneManifest_Generation = YES;
				INFOPLIST_KEY_UIApplicationSupportsIndirectInputEvents = YES;
				INFOPLIST_KEY_UILaunchScreen_Generation = YES;
				INFOPLIST_KEY_UISupportedInterfaceOrientations_iPad = "UIInterfaceOrientationPortrait UIInterfaceOrientationPortraitUpsideDown UIInterfaceOrientationLandscapeLeft UIInterfaceOrientationLandscapeRight";
				INFOPLIST_KEY_UISupportedInterfaceOrientations_iPhone = "UIInterfaceOrientationPortrait UIInterfaceOrientationLandscapeLeft UIInterfaceOrientationLandscapeRight";
				LD_RUNPATH_SEARCH_PATHS = (
					"$(inherited)",
					"@executable_path/Frameworks",
				);
				MARKETING_VERSION = 1.0;
				PRODUCT_BUNDLE_IDENTIFIER = "ca.formdreams.Player-Rank-1";
				PRODUCT_NAME = "$(TARGET_NAME)";
				SWIFT_EMIT_LOC_STRINGS = YES;
				SWIFT_VERSION = 5.0;
				TARGETED_DEVICE_FAMILY = "1,2";
			};
			name = Release;
		};
		51563B55298555970051C2A0 /* Debug */ = {
			isa = XCBuildConfiguration;
			buildSettings = {
				ALWAYS_EMBED_SWIFT_STANDARD_LIBRARIES = YES;
				BUNDLE_LOADER = "$(TEST_HOST)";
				CODE_SIGN_STYLE = Automatic;
				CURRENT_PROJECT_VERSION = 1;
				GENERATE_INFOPLIST_FILE = YES;
				IPHONEOS_DEPLOYMENT_TARGET = 16.2;
				MARKETING_VERSION = 1.0;
				PRODUCT_BUNDLE_IDENTIFIER = "ca.formdreams.Player-Rank-1Tests";
				PRODUCT_NAME = "$(TARGET_NAME)";
				SWIFT_EMIT_LOC_STRINGS = NO;
				SWIFT_VERSION = 5.0;
				TARGETED_DEVICE_FAMILY = "1,2";
				TEST_HOST = "$(BUILT_PRODUCTS_DIR)/Player Rank 1.app/$(BUNDLE_EXECUTABLE_FOLDER_PATH)/Player Rank 1";
			};
			name = Debug;
		};
		51563B56298555970051C2A0 /* Release */ = {
			isa = XCBuildConfiguration;
			buildSettings = {
				ALWAYS_EMBED_SWIFT_STANDARD_LIBRARIES = YES;
				BUNDLE_LOADER = "$(TEST_HOST)";
				CODE_SIGN_STYLE = Automatic;
				CURRENT_PROJECT_VERSION = 1;
				GENERATE_INFOPLIST_FILE = YES;
				IPHONEOS_DEPLOYMENT_TARGET = 16.2;
				MARKETING_VERSION = 1.0;
				PRODUCT_BUNDLE_IDENTIFIER = "ca.formdreams.Player-Rank-1Tests";
				PRODUCT_NAME = "$(TARGET_NAME)";
				SWIFT_EMIT_LOC_STRINGS = NO;
				SWIFT_VERSION = 5.0;
				TARGETED_DEVICE_FAMILY = "1,2";
				TEST_HOST = "$(BUILT_PRODUCTS_DIR)/Player Rank 1.app/$(BUNDLE_EXECUTABLE_FOLDER_PATH)/Player Rank 1";
			};
			name = Release;
		};
		51563B58298555970051C2A0 /* Debug */ = {
			isa = XCBuildConfiguration;
			buildSettings = {
				ALWAYS_EMBED_SWIFT_STANDARD_LIBRARIES = YES;
				CODE_SIGN_STYLE = Automatic;
				CURRENT_PROJECT_VERSION = 1;
				GENERATE_INFOPLIST_FILE = YES;
				MARKETING_VERSION = 1.0;
				PRODUCT_BUNDLE_IDENTIFIER = "ca.formdreams.Player-Rank-1UITests";
				PRODUCT_NAME = "$(TARGET_NAME)";
				SWIFT_EMIT_LOC_STRINGS = NO;
				SWIFT_VERSION = 5.0;
				TARGETED_DEVICE_FAMILY = "1,2";
				TEST_TARGET_NAME = "Player Rank 1";
			};
			name = Debug;
		};
		51563B59298555970051C2A0 /* Release */ = {
			isa = XCBuildConfiguration;
			buildSettings = {
				ALWAYS_EMBED_SWIFT_STANDARD_LIBRARIES = YES;
				CODE_SIGN_STYLE = Automatic;
				CURRENT_PROJECT_VERSION = 1;
				GENERATE_INFOPLIST_FILE = YES;
				MARKETING_VERSION = 1.0;
				PRODUCT_BUNDLE_IDENTIFIER = "ca.formdreams.Player-Rank-1UITests";
				PRODUCT_NAME = "$(TARGET_NAME)";
				SWIFT_EMIT_LOC_STRINGS = NO;
				SWIFT_VERSION = 5.0;
				TARGETED_DEVICE_FAMILY = "1,2";
				TEST_TARGET_NAME = "Player Rank 1";
			};
			name = Release;
		};
/* End XCBuildConfiguration section */

/* Begin XCConfigurationList section */
		51563B28298555920051C2A0 /* Build configuration list for PBXProject "Player Rank 1" */ = {
			isa = XCConfigurationList;
			buildConfigurations = (
				51563B4F298555970051C2A0 /* Debug */,
				51563B50298555970051C2A0 /* Release */,
			);
			defaultConfigurationIsVisible = 0;
			defaultConfigurationName = Release;
		};
		51563B51298555970051C2A0 /* Build configuration list for PBXNativeTarget "Player Rank 1" */ = {
			isa = XCConfigurationList;
			buildConfigurations = (
				51563B52298555970051C2A0 /* Debug */,
				51563B53298555970051C2A0 /* Release */,
			);
			defaultConfigurationIsVisible = 0;
			defaultConfigurationName = Release;
		};
		51563B54298555970051C2A0 /* Build configuration list for PBXNativeTarget "Player Rank 1Tests" */ = {
			isa = XCConfigurationList;
			buildConfigurations = (
				51563B55298555970051C2A0 /* Debug */,
				51563B56298555970051C2A0 /* Release */,
			);
			defaultConfigurationIsVisible = 0;
			defaultConfigurationName = Release;
		};
		51563B57298555970051C2A0 /* Build configuration list for PBXNativeTarget "Player Rank 1UITests" */ = {
			isa = XCConfigurationList;
			buildConfigurations = (
				51563B58298555970051C2A0 /* Debug */,
				51563B59298555970051C2A0 /* Release */,
			);
			defaultConfigurationIsVisible = 0;
			defaultConfigurationName = Release;
		};
/* End XCConfigurationList section */
	};
	rootObject = 51563B25298555920051C2A0 /* Project object */;
}
